{
    "name": "threadz",
    "version": "1.0.2",
    "lockfileVersion": 2,
    "requires": true,
    "packages": {
        "": {
            "name": "threadz",
            "version": "1.0.2",
            "license": "MIT",
            "dependencies": {
                "caller-callsite": "^4.1.0",
                "chalk": "^4.1.2",
                "dirty-json": "^0.9.2",
                "tiny-typed-emitter": "^2.1.0",
                "uuid": "^8.3.2"
            },
            "devDependencies": {
                "@types/callsite": "^1.0.31",
                "@types/node": "^17.0.35",
                "@types/uuid": "^8.3.4"
            }
        },
        "node_modules/@types/callsite": {
            "version": "1.0.31",
            "resolved": "https://registry.npmjs.org/@types/callsite/-/callsite-1.0.31.tgz",
            "integrity": "sha512-jrKmIHhuZVGUpOR1s4TgY9BTt/Eh9CFCjHVZ2FsrKmHSo3J/vpl6EpK08SfMLrX2IY1ZEFA+BPRTJQGg4xIHsA==",
            "dev": true
        },
        "node_modules/@types/node": {
            "version": "17.0.35",
            "resolved": "https://registry.npmjs.org/@types/node/-/node-17.0.35.tgz",
            "integrity": "sha512-vu1SrqBjbbZ3J6vwY17jBs8Sr/BKA+/a/WtjRG+whKg1iuLFOosq872EXS0eXWILdO36DHQQeku/ZcL6hz2fpg==",
            "dev": true
        },
        "node_modules/@types/uuid": {
            "version": "8.3.4",
            "resolved": "https://registry.npmjs.org/@types/uuid/-/uuid-8.3.4.tgz",
            "integrity": "sha512-c/I8ZRb51j+pYGAu5CrFMRxqZ2ke4y2grEBO5AUjgSkSk+qT2Ea+OdWElz/OiMf5MNpn2b17kuVBwZLQJXzihw==",
            "dev": true
        },
        "node_modules/ansi-styles": {
            "version": "4.3.0",
            "resolved": "https://registry.npmjs.org/ansi-styles/-/ansi-styles-4.3.0.tgz",
            "integrity": "sha512-zbB9rCJAT1rbjiVDb2hqKFHNYLxgtk8NURxZ3IZwD3F6NtxbXZQCnnSi1Lkx+IDohdPlFp222wVALIheZJQSEg==",
            "dependencies": {
                "color-convert": "^2.0.1"
            },
            "engines": {
                "node": ">=8"
            },
            "funding": {
                "url": "https://github.com/chalk/ansi-styles?sponsor=1"
            }
        },
        "node_modules/caller-callsite": {
            "version": "4.1.0",
            "resolved": "https://registry.npmjs.org/caller-callsite/-/caller-callsite-4.1.0.tgz",
            "integrity": "sha512-99nnnGlJexTc41xwQTr+mWl15OI5PPczUJzM4YRE7QjkefMKCXGa5gfQjCOuVrD+1TjI/fevIDHg2nz3iYN5Ig==",
            "dependencies": {
                "callsites": "^3.1.0"
            },
            "engines": {
                "node": ">=8"
            }
        },
        "node_modules/callsites": {
            "version": "3.1.0",
            "resolved": "https://registry.npmjs.org/callsites/-/callsites-3.1.0.tgz",
            "integrity": "sha512-P8BjAsXvZS+VIDUI11hHCQEv74YT67YUi5JJFNWIqL235sBmjX4+qx9Muvls5ivyNENctx46xQLQ3aTuE7ssaQ==",
            "engines": {
                "node": ">=6"
            }
        },
        "node_modules/chalk": {
            "version": "4.1.2",
            "resolved": "https://registry.npmjs.org/chalk/-/chalk-4.1.2.tgz",
            "integrity": "sha512-oKnbhFyRIXpUuez8iBMmyEa4nbj4IOQyuhc/wy9kY7/WVPcwIO9VA668Pu8RkO7+0G76SLROeyw9CpQ061i4mA==",
            "dependencies": {
                "ansi-styles": "^4.1.0",
                "supports-color": "^7.1.0"
            },
            "engines": {
                "node": ">=10"
            },
            "funding": {
                "url": "https://github.com/chalk/chalk?sponsor=1"
            }
        },
        "node_modules/color-convert": {
            "version": "2.0.1",
            "resolved": "https://registry.npmjs.org/color-convert/-/color-convert-2.0.1.tgz",
            "integrity": "sha512-RRECPsj7iu/xb5oKYcsFHSppFNnsj/52OVTRKb4zP5onXwVF3zVmmToNcOfGC+CRDpfK/U584fMg38ZHCaElKQ==",
            "dependencies": {
                "color-name": "~1.1.4"
            },
            "engines": {
                "node": ">=7.0.0"
            }
        },
        "node_modules/color-name": {
            "version": "1.1.4",
            "resolved": "https://registry.npmjs.org/color-name/-/color-name-1.1.4.tgz",
            "integrity": "sha512-dOy+3AuW3a2wNbZHIuMZpTcgjGuLU/uBL/ubcZF9OXbDo8ff4O8yVp5Bf0efS8uEoYo5q4Fx7dY9OgQGXgAsQA=="
        },
        "node_modules/dirty-json": {
            "version": "0.9.2",
            "resolved": "https://registry.npmjs.org/dirty-json/-/dirty-json-0.9.2.tgz",
            "integrity": "sha512-7SCDfnQtBObcngVXNPZcnxGxqqPTK4UqeXeKAch+RGH5qpqadWbV9FmN71x9Bb4tTs0TNFb4FT/4Kz4P4Cjqcw==",
            "dependencies": {
                "lex": "^1.7.9",
                "unescape-js": "^1.1.4",
                "utf8": "^3.0.0"
            },
            "engines": {
                "node": ">=6.0.0"
            }
        },
        "node_modules/has-flag": {
            "version": "4.0.0",
            "resolved": "https://registry.npmjs.org/has-flag/-/has-flag-4.0.0.tgz",
            "integrity": "sha512-EykJT/Q1KjTWctppgIAgfSO0tKVuZUjhgMr17kqTumMl6Afv3EISleU7qZUzoXDFTAHTDC4NOoG/ZxU3EvlMPQ==",
            "engines": {
                "node": ">=8"
            }
        },
        "node_modules/lex": {
            "version": "1.7.9",
            "resolved": "https://registry.npmjs.org/lex/-/lex-1.7.9.tgz",
            "integrity": "sha512-vzaalVBmFLnMaedq0QAsBAaXsWahzRpvnIBdBjj7y+7EKTS6lnziU2y/PsU2c6rV5qYj2B5IDw0uNJ9peXD0vw=="
        },
        "node_modules/string.fromcodepoint": {
            "version": "0.2.1",
            "resolved": "https://registry.npmjs.org/string.fromcodepoint/-/string.fromcodepoint-0.2.1.tgz",
            "integrity": "sha1-jZeDM8C8klOPUPOD5IiPPlYZ1lM="
        },
        "node_modules/supports-color": {
            "version": "7.2.0",
            "resolved": "https://registry.npmjs.org/supports-color/-/supports-color-7.2.0.tgz",
            "integrity": "sha512-qpCAvRl9stuOHveKsn7HncJRvv501qIacKzQlO/+Lwxc9+0q2wLyv4Dfvt80/DPn2pqOBsJdDiogXGR9+OvwRw==",
            "dependencies": {
                "has-flag": "^4.0.0"
            },
            "engines": {
                "node": ">=8"
            }
        },
        "node_modules/tiny-typed-emitter": {
            "version": "2.1.0",
            "resolved": "https://registry.npmjs.org/tiny-typed-emitter/-/tiny-typed-emitter-2.1.0.tgz",
            "integrity": "sha512-qVtvMxeXbVej0cQWKqVSSAHmKZEHAvxdF8HEUBFWts8h+xEo5m/lEiPakuyZ3BnCBjOD8i24kzNOiOLLgsSxhA=="
        },
        "node_modules/unescape-js": {
            "version": "1.1.4",
            "resolved": "https://registry.npmjs.org/unescape-js/-/unescape-js-1.1.4.tgz",
            "integrity": "sha512-42SD8NOQEhdYntEiUQdYq/1V/YHwr1HLwlHuTJB5InVVdOSbgI6xu8jK5q65yIzuFCfczzyDF/7hbGzVbyCw0g==",
            "dependencies": {
                "string.fromcodepoint": "^0.2.1"
            }
        },
        "node_modules/utf8": {
            "version": "3.0.0",
            "resolved": "https://registry.npmjs.org/utf8/-/utf8-3.0.0.tgz",
            "integrity": "sha512-E8VjFIQ/TyQgp+TZfS6l8yp/xWppSAHzidGiRrqe4bK4XP9pTRyKFgGJpO3SN7zdX4DeomTrwaseCHovfpFcqQ=="
        },
        "node_modules/uuid": {
            "version": "8.3.2",
            "resolved": "https://registry.npmjs.org/uuid/-/uuid-8.3.2.tgz",
            "integrity": "sha512-+NYs2QeMWy+GWFOEm9xnn6HCDp0l7QBD7ml8zLUmJ+93Q5NF0NocErnwkTkXVFNiX3/fpC6afS8Dhb/gz7R7eg==",
            "bin": {
                "uuid": "dist/bin/uuid"
            }
        }
    },
    "dependencies": {
        "@types/callsite": {
            "version": "1.0.31",
            "resolved": "https://registry.npmjs.org/@types/callsite/-/callsite-1.0.31.tgz",
            "integrity": "sha512-jrKmIHhuZVGUpOR1s4TgY9BTt/Eh9CFCjHVZ2FsrKmHSo3J/vpl6EpK08SfMLrX2IY1ZEFA+BPRTJQGg4xIHsA==",
            "dev": true
        },
        "@types/node": {
            "version": "17.0.35",
            "resolved": "https://registry.npmjs.org/@types/node/-/node-17.0.35.tgz",
            "integrity": "sha512-vu1SrqBjbbZ3J6vwY17jBs8Sr/BKA+/a/WtjRG+whKg1iuLFOosq872EXS0eXWILdO36DHQQeku/ZcL6hz2fpg==",
            "dev": true
        },
        "@types/uuid": {
            "version": "8.3.4",
            "resolved": "https://registry.npmjs.org/@types/uuid/-/uuid-8.3.4.tgz",
            "integrity": "sha512-c/I8ZRb51j+pYGAu5CrFMRxqZ2ke4y2grEBO5AUjgSkSk+qT2Ea+OdWElz/OiMf5MNpn2b17kuVBwZLQJXzihw==",
            "dev": true
        },
        "ansi-styles": {
            "version": "4.3.0",
            "resolved": "https://registry.npmjs.org/ansi-styles/-/ansi-styles-4.3.0.tgz",
            "integrity": "sha512-zbB9rCJAT1rbjiVDb2hqKFHNYLxgtk8NURxZ3IZwD3F6NtxbXZQCnnSi1Lkx+IDohdPlFp222wVALIheZJQSEg==",
            "requires": {
                "color-convert": "^2.0.1"
            }
        },
        "caller-callsite": {
            "version": "4.1.0",
            "resolved": "https://registry.npmjs.org/caller-callsite/-/caller-callsite-4.1.0.tgz",
            "integrity": "sha512-99nnnGlJexTc41xwQTr+mWl15OI5PPczUJzM4YRE7QjkefMKCXGa5gfQjCOuVrD+1TjI/fevIDHg2nz3iYN5Ig==",
            "requires": {
                "callsites": "^3.1.0"
            }
        },
        "callsites": {
            "version": "3.1.0",
            "resolved": "https://registry.npmjs.org/callsites/-/callsites-3.1.0.tgz",
            "integrity": "sha512-P8BjAsXvZS+VIDUI11hHCQEv74YT67YUi5JJFNWIqL235sBmjX4+qx9Muvls5ivyNENctx46xQLQ3aTuE7ssaQ=="
        },
        "chalk": {
            "version": "4.1.2",
            "resolved": "https://registry.npmjs.org/chalk/-/chalk-4.1.2.tgz",
            "integrity": "sha512-oKnbhFyRIXpUuez8iBMmyEa4nbj4IOQyuhc/wy9kY7/WVPcwIO9VA668Pu8RkO7+0G76SLROeyw9CpQ061i4mA==",
            "requires": {
                "ansi-styles": "^4.1.0",
                "supports-color": "^7.1.0"
            }
        },
        "color-convert": {
            "version": "2.0.1",
            "resolved": "https://registry.npmjs.org/color-convert/-/color-convert-2.0.1.tgz",
            "integrity": "sha512-RRECPsj7iu/xb5oKYcsFHSppFNnsj/52OVTRKb4zP5onXwVF3zVmmToNcOfGC+CRDpfK/U584fMg38ZHCaElKQ==",
            "requires": {
                "color-name": "~1.1.4"
            }
        },
        "color-name": {
            "version": "1.1.4",
            "resolved": "https://registry.npmjs.org/color-name/-/color-name-1.1.4.tgz",
            "integrity": "sha512-dOy+3AuW3a2wNbZHIuMZpTcgjGuLU/uBL/ubcZF9OXbDo8ff4O8yVp5Bf0efS8uEoYo5q4Fx7dY9OgQGXgAsQA=="
        },
        "dirty-json": {
            "version": "0.9.2",
            "resolved": "https://registry.npmjs.org/dirty-json/-/dirty-json-0.9.2.tgz",
            "integrity": "sha512-7SCDfnQtBObcngVXNPZcnxGxqqPTK4UqeXeKAch+RGH5qpqadWbV9FmN71x9Bb4tTs0TNFb4FT/4Kz4P4Cjqcw==",
            "requires": {
                "lex": "^1.7.9",
                "unescape-js": "^1.1.4",
                "utf8": "^3.0.0"
            }
        },
        "has-flag": {
            "version": "4.0.0",
            "resolved": "https://registry.npmjs.org/has-flag/-/has-flag-4.0.0.tgz",
            "integrity": "sha512-EykJT/Q1KjTWctppgIAgfSO0tKVuZUjhgMr17kqTumMl6Afv3EISleU7qZUzoXDFTAHTDC4NOoG/ZxU3EvlMPQ=="
        },
        "lex": {
            "version": "1.7.9",
            "resolved": "https://registry.npmjs.org/lex/-/lex-1.7.9.tgz",
            "integrity": "sha512-vzaalVBmFLnMaedq0QAsBAaXsWahzRpvnIBdBjj7y+7EKTS6lnziU2y/PsU2c6rV5qYj2B5IDw0uNJ9peXD0vw=="
        },
        "string.fromcodepoint": {
            "version": "0.2.1",
            "resolved": "https://registry.npmjs.org/string.fromcodepoint/-/string.fromcodepoint-0.2.1.tgz",
            "integrity": "sha1-jZeDM8C8klOPUPOD5IiPPlYZ1lM="
        },
        "supports-color": {
            "version": "7.2.0",
            "resolved": "https://registry.npmjs.org/supports-color/-/supports-color-7.2.0.tgz",
            "integrity": "sha512-qpCAvRl9stuOHveKsn7HncJRvv501qIacKzQlO/+Lwxc9+0q2wLyv4Dfvt80/DPn2pqOBsJdDiogXGR9+OvwRw==",
            "requires": {
                "has-flag": "^4.0.0"
            }
        },
        "tiny-typed-emitter": {
            "version": "2.1.0",
            "resolved": "https://registry.npmjs.org/tiny-typed-emitter/-/tiny-typed-emitter-2.1.0.tgz",
            "integrity": "sha512-qVtvMxeXbVej0cQWKqVSSAHmKZEHAvxdF8HEUBFWts8h+xEo5m/lEiPakuyZ3BnCBjOD8i24kzNOiOLLgsSxhA=="
        },
        "unescape-js": {
            "version": "1.1.4",
            "resolved": "https://registry.npmjs.org/unescape-js/-/unescape-js-1.1.4.tgz",
            "integrity": "sha512-42SD8NOQEhdYntEiUQdYq/1V/YHwr1HLwlHuTJB5InVVdOSbgI6xu8jK5q65yIzuFCfczzyDF/7hbGzVbyCw0g==",
            "requires": {
                "string.fromcodepoint": "^0.2.1"
            }
        },
        "utf8": {
            "version": "3.0.0",
            "resolved": "https://registry.npmjs.org/utf8/-/utf8-3.0.0.tgz",
            "integrity": "sha512-E8VjFIQ/TyQgp+TZfS6l8yp/xWppSAHzidGiRrqe4bK4XP9pTRyKFgGJpO3SN7zdX4DeomTrwaseCHovfpFcqQ=="
        },
        "uuid": {
            "version": "8.3.2",
            "resolved": "https://registry.npmjs.org/uuid/-/uuid-8.3.2.tgz",
            "integrity": "sha512-+NYs2QeMWy+GWFOEm9xnn6HCDp0l7QBD7ml8zLUmJ+93Q5NF0NocErnwkTkXVFNiX3/fpC6afS8Dhb/gz7R7eg=="
        }
    }
}
